<?xml version="1.0" encoding="utf-8"?>
<Project ToolsVersion="4.0" xmlns="http://schemas.microsoft.com/developer/msbuild/2003">
  <ItemGroup>
    <Filter Include="Source Files">
      <UniqueIdentifier>{4FC737F1-C7A5-4376-A066-2A32D752A2FF}</UniqueIdentifier>
      <Extensions>cpp;c;cc;cxx;def;odl;idl;hpj;bat;asm;asmx</Extensions>
    </Filter>
    <Filter Include="Header Files">
      <UniqueIdentifier>{93995380-89BD-4b04-88EB-625FBE52EBFB}</UniqueIdentifier>
      <Extensions>h;hh;hpp;hxx;hm;inl;inc;xsd</Extensions>
    </Filter>
    <Filter Include="Resource Files">
      <UniqueIdentifier>{67DA6AB6-F800-4c08-8B7A-83BB121AAD01}</UniqueIdentifier>
      <Extensions>rc;ico;cur;bmp;dlg;rc2;rct;bin;rgs;gif;jpg;jpeg;jpe;resx;tiff;tif;png;wav;mfcribbon-ms</Extensions>
    </Filter>
    <Filter Include="Source Files\engine">
      <UniqueIdentifier>{79932bd8-4c5f-48e1-a9d6-0bc3a63c579e}</UniqueIdentifier>
    </Filter>
    <Filter Include="Header Files\engine">
      <UniqueIdentifier>{6aa59ce8-a725-4f5f-a841-02589d9637d2}</UniqueIdentifier>
    </Filter>
    <Filter Include="Header Files\engine\math">
      <UniqueIdentifier>{d4e26fe1-8c28-40ce-9ed2-a65d2b166a2f}</UniqueIdentifier>
    </Filter>
    <Filter Include="Header Files\engine\core">
      <UniqueIdentifier>{b31df769-805b-4bc9-91dd-bdcaa465df49}</UniqueIdentifier>
    </Filter>
    <Filter Include="Source Files\engine\core">
      <UniqueIdentifier>{85a5e0d7-bf7d-4f2d-b104-7ae0bcb42f91}</UniqueIdentifier>
    </Filter>
    <Filter Include="Source Files\engine\math">
      <UniqueIdentifier>{5144198f-2514-4447-a83f-bff9755afe4f}</UniqueIdentifier>
    </Filter>
  </ItemGroup>
  <ItemGroup>
    <ClCompile Include="main.cpp">
      <Filter>Source Files\engine</Filter>
    </ClCompile>
    <ClCompile Include="engine\core\Window.cpp">
      <Filter>Source Files\engine\core</Filter>
    </ClCompile>
    <ClCompile Include="engine\CoreEngine.cpp">
      <Filter>Source Files\engine</Filter>
    </ClCompile>
    <ClCompile Include="engine\Game.cpp">
      <Filter>Source Files\engine</Filter>
    </ClCompile>
    <ClCompile Include="engine\math\Vec2f.cpp">
      <Filter>Source Files\engine\math</Filter>
    </ClCompile>
    <ClCompile Include="engine\core\InputHandler.cpp">
      <Filter>Source Files\engine\core</Filter>
    </ClCompile>
  </ItemGroup>
  <ItemGroup>
    <ClInclude Include="resource.h">
      <Filter>Header Files</Filter>
    </ClInclude>
    <ClInclude Include="engine\core\Window.h">
      <Filter>Header Files\engine\core</Filter>
    </ClInclude>
    <ClInclude Include="engine\CoreEngine.h">
      <Filter>Header Files\engine</Filter>
    </ClInclude>
    <ClInclude Include="engine\Game.h">
      <Filter>Header Files\engine</Filter>
    </ClInclude>
    <ClInclude Include="engine\math\Vec2f.h">
      <Filter>Header Files\engine\math</Filter>
    </ClInclude>
    <ClInclude Include="engine\core\InputHandler.h">
      <Filter>Header Files\engine\core</Filter>
    </ClInclude>
  </ItemGroup>
  <ItemGroup>
    <ResourceCompile Include="oreon.engine.rc">
      <Filter>Resource Files</Filter>
    </ResourceCompile>
  </ItemGroup>
</Project>